// !$*UTF8*$!
{
	archiveVersion = 1;
	classes = {
	};
	objectVersion = 46;
	objects = {

/* Begin PBXBuildFile section */
		332F6B751AC4C9E200DAF1E3 /* main.m in Sources */ = {isa = PBXBuildFile; fileRef = 332F6B741AC4C9E200DAF1E3 /* main.m */; };
		332F6B781AC4C9E200DAF1E3 /* AppDelegate.m in Sources */ = {isa = PBXBuildFile; fileRef = 332F6B771AC4C9E200DAF1E3 /* AppDelegate.m */; };
		332F6B7B1AC4C9E200DAF1E3 /* ViewController.m in Sources */ = {isa = PBXBuildFile; fileRef = 332F6B7A1AC4C9E200DAF1E3 /* ViewController.m */; };
		332F6B7E1AC4C9E300DAF1E3 /* Main.storyboard in Resources */ = {isa = PBXBuildFile; fileRef = 332F6B7C1AC4C9E300DAF1E3 /* Main.storyboard */; };
		332F6B801AC4C9E300DAF1E3 /* Images.xcassets in Resources */ = {isa = PBXBuildFile; fileRef = 332F6B7F1AC4C9E300DAF1E3 /* Images.xcassets */; };
		332F6B831AC4C9E300DAF1E3 /* LaunchScreen.xib in Resources */ = {isa = PBXBuildFile; fileRef = 332F6B811AC4C9E300DAF1E3 /* LaunchScreen.xib */; };
		332F6B8F1AC4C9E300DAF1E3 /* MapsPracticeTests.m in Sources */ = {isa = PBXBuildFile; fileRef = 332F6B8E1AC4C9E300DAF1E3 /* MapsPracticeTests.m */; };
		332F6B9A1AC4CB8C00DAF1E3 /* BusStop.m in Sources */ = {isa = PBXBuildFile; fileRef = 332F6B991AC4CB8C00DAF1E3 /* BusStop.m */; };
		332F6B9C1AC4CBCD00DAF1E3 /* MapKit.framework in Frameworks */ = {isa = PBXBuildFile; fileRef = 332F6B9B1AC4CBCD00DAF1E3 /* MapKit.framework */; };
		332F6B9F1AC503C100DAF1E3 /* MapViewController.m in Sources */ = {isa = PBXBuildFile; fileRef = 332F6B9E1AC503C100DAF1E3 /* MapViewController.m */; };
/* End PBXBuildFile section */

/* Begin PBXContainerItemProxy section */
		332F6B891AC4C9E300DAF1E3 /* PBXContainerItemProxy */ = {
			isa = PBXContainerItemProxy;
			containerPortal = 332F6B671AC4C9E200DAF1E3 /* Project object */;
			proxyType = 1;
			remoteGlobalIDString = 332F6B6E1AC4C9E200DAF1E3;
			remoteInfo = MapsPractice;
		};
/* End PBXContainerItemProxy section */

/* Begin PBXFileReference section */
		332F6B6F1AC4C9E200DAF1E3 /* MapsPractice.app */ = {isa = PBXFileReference; explicitFileType = wrapper.application; includeInIndex = 0; path = MapsPractice.app; sourceTree = BUILT_PRODUCTS_DIR; };
		332F6B731AC4C9E200DAF1E3 /* Info.plist */ = {isa = PBXFileReference; lastKnownFileType = text.plist.xml; path = Info.plist; sourceTree = "<group>"; };
		332F6B741AC4C9E200DAF1E3 /* main.m */ = {isa = PBXFileReference; lastKnownFileType = sourcecode.c.objc; path = main.m; sourceTree = "<group>"; };
		332F6B761AC4C9E200DAF1E3 /* AppDelegate.h */ = {isa = PBXFileReference; lastKnownFileType = sourcecode.c.h; path = AppDelegate.h; sourceTree = "<group>"; };
		332F6B771AC4C9E200DAF1E3 /* AppDelegate.m */ = {isa = PBXFileReference; lastKnownFileType = sourcecode.c.objc; path = AppDelegate.m; sourceTree = "<group>"; };
		332F6B791AC4C9E200DAF1E3 /* ViewController.h */ = {isa = PBXFileReference; lastKnownFileType = sourcecode.c.h; path = ViewController.h; sourceTree = "<group>"; };
		332F6B7A1AC4C9E200DAF1E3 /* ViewController.m */ = {isa = PBXFileReference; lastKnownFileType = sourcecode.c.objc; path = ViewController.m; sourceTree = "<group>"; };
		332F6B7D1AC4C9E300DAF1E3 /* Base */ = {isa = PBXFileReference; lastKnownFileType = file.storyboard; name = Base; path = Base.lproj/Main.storyboard; sourceTree = "<group>"; };
		332F6B7F1AC4C9E300DAF1E3 /* Images.xcassets */ = {isa = PBXFileReference; lastKnownFileType = folder.assetcatalog; path = Images.xcassets; sourceTree = "<group>"; };
		332F6B821AC4C9E300DAF1E3 /* Base */ = {isa = PBXFileReference; lastKnownFileType = file.xib; name = Base; path = Base.lproj/LaunchScreen.xib; sourceTree = "<group>"; };
		332F6B881AC4C9E300DAF1E3 /* MapsPracticeTests.xctest */ = {isa = PBXFileReference; explicitFileType = wrapper.cfbundle; includeInIndex = 0; path = MapsPracticeTests.xctest; sourceTree = BUILT_PRODUCTS_DIR; };
		332F6B8D1AC4C9E300DAF1E3 /* Info.plist */ = {isa = PBXFileReference; lastKnownFileType = text.plist.xml; path = Info.plist; sourceTree = "<group>"; };
		332F6B8E1AC4C9E300DAF1E3 /* MapsPracticeTests.m */ = {isa = PBXFileReference; lastKnownFileType = sourcecode.c.objc; path = MapsPracticeTests.m; sourceTree = "<group>"; };
		332F6B981AC4CB8C00DAF1E3 /* BusStop.h */ = {isa = PBXFileReference; fileEncoding = 4; lastKnownFileType = sourcecode.c.h; path = BusStop.h; sourceTree = "<group>"; };
		332F6B991AC4CB8C00DAF1E3 /* BusStop.m */ = {isa = PBXFileReference; fileEncoding = 4; lastKnownFileType = sourcecode.c.objc; path = BusStop.m; sourceTree = "<group>"; };
		332F6B9B1AC4CBCD00DAF1E3 /* MapKit.framework */ = {isa = PBXFileReference; lastKnownFileType = wrapper.framework; name = MapKit.framework; path = System/Library/Frameworks/MapKit.framework; sourceTree = SDKROOT; };
		332F6B9D1AC503C100DAF1E3 /* MapViewController.h */ = {isa = PBXFileReference; fileEncoding = 4; lastKnownFileType = sourcecode.c.h; path = MapViewController.h; sourceTree = "<group>"; };
		332F6B9E1AC503C100DAF1E3 /* MapViewController.m */ = {isa = PBXFileReference; fileEncoding = 4; lastKnownFileType = sourcecode.c.objc; path = MapViewController.m; sourceTree = "<group>"; };
/* End PBXFileReference section */

/* Begin PBXFrameworksBuildPhase section */
		332F6B6C1AC4C9E200DAF1E3 /* Frameworks */ = {
			isa = PBXFrameworksBuildPhase;
			buildActionMask = 2147483647;
			files = (
				332F6B9C1AC4CBCD00DAF1E3 /* MapKit.framework in Frameworks */,
			);
			runOnlyForDeploymentPostprocessing = 0;
		};
		332F6B851AC4C9E300DAF1E3 /* Frameworks */ = {
			isa = PBXFrameworksBuildPhase;
			buildActionMask = 2147483647;
			files = (
			);
			runOnlyForDeploymentPostprocessing = 0;
		};
/* End PBXFrameworksBuildPhase section */

/* Begin PBXGroup section */
		332F6B661AC4C9E200DAF1E3 = {
			isa = PBXGroup;
			children = (
				332F6B9B1AC4CBCD00DAF1E3 /* MapKit.framework */,
				332F6B711AC4C9E200DAF1E3 /* MapsPractice */,
				332F6B8B1AC4C9E300DAF1E3 /* MapsPracticeTests */,
				332F6B701AC4C9E200DAF1E3 /* Products */,
			);
			sourceTree = "<group>";
		};
		332F6B701AC4C9E200DAF1E3 /* Products */ = {
			isa = PBXGroup;
			children = (
				332F6B6F1AC4C9E200DAF1E3 /* MapsPractice.app */,
				332F6B881AC4C9E300DAF1E3 /* MapsPracticeTests.xctest */,
			);
			name = Products;
			sourceTree = "<group>";
		};
		332F6B711AC4C9E200DAF1E3 /* MapsPractice */ = {
			isa = PBXGroup;
			children = (
				332F6B761AC4C9E200DAF1E3 /* AppDelegate.h */,
				332F6B771AC4C9E200DAF1E3 /* AppDelegate.m */,
				332F6B791AC4C9E200DAF1E3 /* ViewController.h */,
				332F6B7A1AC4C9E200DAF1E3 /* ViewController.m */,
				332F6B981AC4CB8C00DAF1E3 /* BusStop.h */,
				332F6B991AC4CB8C00DAF1E3 /* BusStop.m */,
				332F6B7C1AC4C9E300DAF1E3 /* Main.storyboard */,
				332F6B9D1AC503C100DAF1E3 /* MapViewController.h */,
				332F6B9E1AC503C100DAF1E3 /* MapViewController.m */,
				332F6B7F1AC4C9E300DAF1E3 /* Images.xcassets */,
				332F6B811AC4C9E300DAF1E3 /* LaunchScreen.xib */,
				332F6B721AC4C9E200DAF1E3 /* Supporting Files */,
			);
			path = MapsPractice;
			sourceTree = "<group>";
		};
		332F6B721AC4C9E200DAF1E3 /* Supporting Files */ = {
			isa = PBXGroup;
			children = (
				332F6B731AC4C9E200DAF1E3 /* Info.plist */,
				332F6B741AC4C9E200DAF1E3 /* main.m */,
			);
			name = "Supporting Files";
			sourceTree = "<group>";
		};
		332F6B8B1AC4C9E300DAF1E3 /* MapsPracticeTests */ = {
			isa = PBXGroup;
			children = (
				332F6B8E1AC4C9E300DAF1E3 /* MapsPracticeTests.m */,
				332F6B8C1AC4C9E300DAF1E3 /* Supporting Files */,
			);
			path = MapsPracticeTests;
			sourceTree = "<group>";
		};
		332F6B8C1AC4C9E300DAF1E3 /* Supporting Files */ = {
			isa = PBXGroup;
			children = (
				332F6B8D1AC4C9E300DAF1E3 /* Info.plist */,
			);
			name = "Supporting Files";
			sourceTree = "<group>";
		};
/* End PBXGroup section */

/* Begin PBXNativeTarget section */
		332F6B6E1AC4C9E200DAF1E3 /* MapsPractice */ = {
			isa = PBXNativeTarget;
			buildConfigurationList = 332F6B921AC4C9E300DAF1E3 /* Build configuration list for PBXNativeTarget "MapsPractice" */;
			buildPhases = (
				332F6B6B1AC4C9E200DAF1E3 /* Sources */,
				332F6B6C1AC4C9E200DAF1E3 /* Frameworks */,
				332F6B6D1AC4C9E200DAF1E3 /* Resources */,
			);
			buildRules = (
			);
			dependencies = (
			);
			name = MapsPractice;
			productName = MapsPractice;
			productReference = 332F6B6F1AC4C9E200DAF1E3 /* MapsPractice.app */;
			productType = "com.apple.product-type.application";
		};
		332F6B871AC4C9E300DAF1E3 /* MapsPracticeTests */ = {
			isa = PBXNativeTarget;
			buildConfigurationList = 332F6B951AC4C9E300DAF1E3 /* Build configuration list for PBXNativeTarget "MapsPracticeTests" */;
			buildPhases = (
				332F6B841AC4C9E300DAF1E3 /* Sources */,
				332F6B851AC4C9E300DAF1E3 /* Frameworks */,
				332F6B861AC4C9E300DAF1E3 /* Resources */,
			);
			buildRules = (
			);
			dependencies = (
				332F6B8A1AC4C9E300DAF1E3 /* PBXTargetDependency */,
			);
			name = MapsPracticeTests;
			productName = MapsPracticeTests;
			productReference = 332F6B881AC4C9E300DAF1E3 /* MapsPracticeTests.xctest */;
			productType = "com.apple.product-type.bundle.unit-test";
		};
/* End PBXNativeTarget section */

/* Begin PBXProject section */
		332F6B671AC4C9E200DAF1E3 /* Project object */ = {
			isa = PBXProject;
			attributes = {
				LastUpgradeCheck = 0620;
				ORGANIZATIONNAME = "Justin Haar";
				TargetAttributes = {
					332F6B6E1AC4C9E200DAF1E3 = {
						CreatedOnToolsVersion = 6.2;
					};
					332F6B871AC4C9E300DAF1E3 = {
						CreatedOnToolsVersion = 6.2;
						TestTargetID = 332F6B6E1AC4C9E200DAF1E3;
					};
				};
			};
			buildConfigurationList = 332F6B6A1AC4C9E200DAF1E3 /* Build configuration list for PBXProject "MapsPractice" */;
			compatibilityVersion = "Xcode 3.2";
			developmentRegion = English;
			hasScannedForEncodings = 0;
			knownRegions = (
				en,
				Base,
			);
			mainGroup = 332F6B661AC4C9E200DAF1E3;
			productRefGroup = 332F6B701AC4C9E200DAF1E3 /* Products */;
			projectDirPath = "";
			projectRoot = "";
			targets = (
				332F6B6E1AC4C9E200DAF1E3 /* MapsPractice */,
				332F6B871AC4C9E300DAF1E3 /* MapsPracticeTests */,
			);
		};
/* End PBXProject section */

/* Begin PBXResourcesBuildPhase section */
		332F6B6D1AC4C9E200DAF1E3 /* Resources */ = {
			isa = PBXResourcesBuildPhase;
			buildActionMask = 2147483647;
			files = (
				332F6B7E1AC4C9E300DAF1E3 /* Main.storyboard in Resources */,
				332F6B831AC4C9E300DAF1E3 /* LaunchScreen.xib in Resources */,
				332F6B801AC4C9E300DAF1E3 /* Images.xcassets in Resources */,
			);
			runOnlyForDeploymentPostprocessing = 0;
		};
		332F6B861AC4C9E300DAF1E3 /* Resources */ = {
			isa = PBXResourcesBuildPhase;
			buildActionMask = 2147483647;
			files = (
			);
			runOnlyForDeploymentPostprocessing = 0;
		};
/* End PBXResourcesBuildPhase section */

/* Begin PBXSourcesBuildPhase section */
		332F6B6B1AC4C9E200DAF1E3 /* Sources */ = {
			isa = PBXSourcesBuildPhase;
			buildActionMask = 2147483647;
			files = (
				332F6B9A1AC4CB8C00DAF1E3 /* BusStop.m in Sources */,
				332F6B7B1AC4C9E200DAF1E3 /* ViewController.m in Sources */,
				332F6B9F1AC503C100DAF1E3 /* MapViewController.m in Sources */,
				332F6B781AC4C9E200DAF1E3 /* AppDelegate.m in Sources */,
				332F6B751AC4C9E200DAF1E3 /* main.m in Sources */,
			);
			runOnlyForDeploymentPostprocessing = 0;
		};
		332F6B841AC4C9E300DAF1E3 /* Sources */ = {
			isa = PBXSourcesBuildPhase;
			buildActionMask = 2147483647;
			files = (
				332F6B8F1AC4C9E300DAF1E3 /* MapsPracticeTests.m in Sources */,
			);
			runOnlyForDeploymentPostprocessing = 0;
		};
/* End PBXSourcesBuildPhase section */

/* Begin PBXTargetDependency section */
		332F6B8A1AC4C9E300DAF1E3 /* PBXTargetDependency */ = {
			isa = PBXTargetDependency;
			target = 332F6B6E1AC4C9E200DAF1E3 /* MapsPractice */;
			targetProxy = 332F6B891AC4C9E300DAF1E3 /* PBXContainerItemProxy */;
		};
/* End PBXTargetDependency section */

/* Begin PBXVariantGroup section */
		332F6B7C1AC4C9E300DAF1E3 /* Main.storyboard */ = {
			isa = PBXVariantGroup;
			children = (
				332F6B7D1AC4C9E300DAF1E3 /* Base */,
			);
			name = Main.storyboard;
			sourceTree = "<group>";
		};
		332F6B811AC4C9E300DAF1E3 /* LaunchScreen.xib */ = {
			isa = PBXVariantGroup;
			children = (
				332F6B821AC4C9E300DAF1E3 /* Base */,
			);
			name = LaunchScreen.xib;
			sourceTree = "<group>";
		};
/* End PBXVariantGroup section */

/* Begin XCBuildConfiguration section */
		332F6B901AC4C9E300DAF1E3 /* Debug */ = {
			isa = XCBuildConfiguration;
			buildSettings = {
				ALWAYS_SEARCH_USER_PATHS = NO;
				CLANG_CXX_LANGUAGE_STANDARD = "gnu++0x";
				CLANG_CXX_LIBRARY = "libc++";
				CLANG_ENABLE_MODULES = YES;
				CLANG_ENABLE_OBJC_ARC = YES;
				CLANG_WARN_BOOL_CONVERSION = YES;
				CLANG_WARN_CONSTANT_CONVERSION = YES;
				CLANG_WARN_DIRECT_OBJC_ISA_USAGE = YES_ERROR;
				CLANG_WARN_EMPTY_BODY = YES;
				CLANG_WARN_ENUM_CONVERSION = YES;
				CLANG_WARN_INT_CONVERSION = YES;
				CLANG_WARN_OBJC_ROOT_CLASS = YES_ERROR;
				CLANG_WARN_UNREACHABLE_CODE = YES;
				CLANG_WARN__DUPLICATE_METHOD_MATCH = YES;
				"CODE_SIGN_IDENTITY[sdk=iphoneos*]" = "iPhone Developer";
				COPY_PHASE_STRIP = NO;
				ENABLE_STRICT_OBJC_MSGSEND = YES;
				GCC_C_LANGUAGE_STANDARD = gnu99;
				GCC_DYNAMIC_NO_PIC = NO;
				GCC_OPTIMIZATION_LEVEL = 0;
				GCC_PREPROCESSOR_DEFINITIONS = (
					"DEBUG=1",
					"$(inherited)",
				);
				GCC_SYMBOLS_PRIVATE_EXTERN = NO;
				GCC_WARN_64_TO_32_BIT_CONVERSION = YES;
				GCC_WARN_ABOUT_RETURN_TYPE = YES_ERROR;
				GCC_WARN_UNDECLARED_SELECTOR = YES;
				GCC_WARN_UNINITIALIZED_AUTOS = YES_AGGRESSIVE;
				GCC_WARN_UNUSED_FUNCTION = YES;
				GCC_WARN_UNUSED_VARIABLE = YES;
				IPHONEOS_DEPLOYMENT_TARGET = 8.2;
				MTL_ENABLE_DEBUG_INFO = YES;
				ONLY_ACTIVE_ARCH = YES;
				SDKROOT = iphoneos;
				TARGETED_DEVICE_FAMILY = "1,2";
			};
			name = Debug;
		};
		332F6B911AC4C9E300DAF1E3 /* Release */ = {
			isa = XCBuildConfiguration;
			buildSettings = {
				ALWAYS_SEARCH_USER_PATHS = NO;
				CLANG_CXX_LANGUAGE_STANDARD = "gnu++0x";
				CLANG_CXX_LIBRARY = "libc++";
				CLANG_ENABLE_MODULES = YES;
				CLANG_ENABLE_OBJC_ARC = YES;
				CLANG_WARN_BOOL_CONVERSION = YES;
				CLANG_WARN_CONSTANT_CONVERSION = YES;
				CLANG_WARN_DIRECT_OBJC_ISA_USAGE = YES_ERROR;
				CLANG_WARN_EMPTY_BODY = YES;
				CLANG_WARN_ENUM_CONVERSION = YES;
				CLANG_WARN_INT_CONVERSION = YES;
				CLANG_WARN_OBJC_ROOT_CLASS = YES_ERROR;
				CLANG_WARN_UNREACHABLE_CODE = YES;
				CLANG_WARN__DUPLICATE_METHOD_MATCH = YES;
				"CODE_SIGN_IDENTITY[sdk=iphoneos*]" = "iPhone Developer";
				COPY_PHASE_STRIP = NO;
				ENABLE_NS_ASSERTIONS = NO;
				ENABLE_STRICT_OBJC_MSGSEND = YES;
				GCC_C_LANGUAGE_STANDARD = gnu99;
				GCC_WARN_64_TO_32_BIT_CONVERSION = YES;
				GCC_WARN_ABOUT_RETURN_TYPE = YES_ERROR;
				GCC_WARN_UNDECLARED_SELECTOR = YES;
				GCC_WARN_UNINITIALIZED_AUTOS = YES_AGGRESSIVE;
				GCC_WARN_UNUSED_FUNCTION = YES;
				GCC_WARN_UNUSED_VARIABLE = YES;
				IPHONEOS_DEPLOYMENT_TARGET = 8.2;
				MTL_ENABLE_DEBUG_INFO = NO;
				SDKROOT = iphoneos;
				TARGETED_DEVICE_FAMILY = "1,2";
				VALIDATE_PRODUCT = YES;
			};
			name = Release;
		};
		332F6B931AC4C9E300DAF1E3 /* Debug */ = {
			isa = XCBuildConfiguration;
			buildSettings = {
				ASSETCATALOG_COMPILER_APPICON_NAME = AppIcon;
				INFOPLIST_FILE = MapsPractice/Info.plist;
				LD_RUNPATH_SEARCH_PATHS = "$(inherited) @executable_path/Frameworks";
				PRODUCT_NAME = "$(TARGET_NAME)";
			};
			name = Debug;
		};
		332F6B941AC4C9E300DAF1E3 /* Release */ = {
			isa = XCBuildConfiguration;
			buildSettings = {
				ASSETCATALOG_COMPILER_APPICON_NAME = AppIcon;
				INFOPLIST_FILE = MapsPractice/Info.plist;
				LD_RUNPATH_SEARCH_PATHS = "$(inherited) @executable_path/Frameworks";
				PRODUCT_NAME = "$(TARGET_NAME)";
			};
			name = Release;
		};
		332F6B961AC4C9E300DAF1E3 /* Debug */ = {
			isa = XCBuildConfiguration;
			buildSettings = {
				BUNDLE_LOADER = "$(TEST_HOST)";
				FRAMEWORK_SEARCH_PATHS = (
					"$(SDKROOT)/Developer/Library/Frameworks",
					"$(inherited)",
				);
				GCC_PREPROCESSOR_DEFINITIONS = (
					"DEBUG=1",
					"$(inherited)",
				);
				INFOPLIST_FILE = MapsPracticeTests/Info.plist;
				LD_RUNPATH_SEARCH_PATHS = "$(inherited) @executable_path/Frameworks @loader_path/Frameworks";
				PRODUCT_NAME = "$(TARGET_NAME)";
				TEST_HOST = "$(BUILT_PRODUCTS_DIR)/MapsPractice.app/MapsPractice";
			};
			name = Debug;
		};
		332F6B971AC4C9E300DAF1E3 /* Release */ = {
			isa = XCBuildConfiguration;
			buildSettings = {
				BUNDLE_LOADER = "$(TEST_HOST)";
				FRAMEWORK_SEARCH_PATHS = (
					"$(SDKROOT)/Developer/Library/Frameworks",
					"$(inherited)",
				);
				INFOPLIST_FILE = MapsPracticeTests/Info.plist;
				LD_RUNPATH_SEARCH_PATHS = "$(inherited) @executable_path/Frameworks @loader_path/Frameworks";
				PRODUCT_NAME = "$(TARGET_NAME)";
				TEST_HOST = "$(BUILT_PRODUCTS_DIR)/MapsPractice.app/MapsPractice";
			};
			name = Release;
		};
/* End XCBuildConfiguration section */

/* Begin XCConfigurationList section */
		332F6B6A1AC4C9E200DAF1E3 /* Build configuration list for PBXProject "MapsPractice" */ = {
			isa = XCConfigurationList;
			buildConfigurations = (
				332F6B901AC4C9E300DAF1E3 /* Debug */,
				332F6B911AC4C9E300DAF1E3 /* Release */,
			);
			defaultConfigurationIsVisible = 0;
			defaultConfigurationName = Release;
		};
		332F6B921AC4C9E300DAF1E3 /* Build configuration list for PBXNativeTarget "MapsPractice" */ = {
			isa = XCConfigurationList;
			buildConfigurations = (
				332F6B931AC4C9E300DAF1E3 /* Debug */,
				332F6B941AC4C9E300DAF1E3 /* Release */,
			);
			defaultConfigurationIsVisible = 0;
		};
		332F6B951AC4C9E300DAF1E3 /* Build configuration list for PBXNativeTarget "MapsPracticeTests" */ = {
			isa = XCConfigurationList;
			buildConfigurations = (
				332F6B961AC4C9E300DAF1E3 /* Debug */,
				332F6B971AC4C9E300DAF1E3 /* Release */,
			);
			defaultConfigurationIsVisible = 0;
		};
/* End XCConfigurationList section */
	};
	rootObject = 332F6B671AC4C9E200DAF1E3 /* Project object */;
}
